
Microsoft Visual Studio Solution File, Format Version 12.00
# Visual Studio 15
VisualStudioVersion = 15.0.27703.2035
MinimumVisualStudioVersion = 10.0.40219.1
Project("{FAE04EC0-301F-11D3-BF4B-00C04F79EFBC}") = "AMSReverseProxy", "AMSReverseProxy\AMSReverseProxy.csproj", "{55020B9A-6E34-4775-9CA5-8968B69A3829}"
EndProject
Global
	GlobalSection(SolutionConfigurationPlatforms) = preSolution
		Debug|Any CPU = Debug|Any CPU
		Release|Any CPU = Release|Any CPU
	EndGlobalSection
	GlobalSection(ProjectConfigurationPlatforms) = postSolution
		{55020B9A-6E34-4775-9CA5-8968B69A3829}.Debug|Any CPU.ActiveCfg = Debug|Any CPU
		{55020B9A-6E34-4775-9CA5-8968B69A3829}.Debug|Any CPU.Build.0 = Debug|Any CPU
		{55020B9A-6E34-4775-9CA5-8968B69A3829}.Release|Any CPU.ActiveCfg = Release|Any CPU
		{55020B9A-6E34-4775-9CA5-8968B69A3829}.Release|Any CPU.Build.0 = Release|Any CPU
	EndGlobalSection
	GlobalSection(SolutionProperties) = preSolution
		HideSolutionNode = FALSE
	EndGlobalSection
	GlobalSection(ExtensibilityGlobals) = postSolution
		SolutionGuid = {7474CD4D-9166-47F6-9341-E640A9DB4036}
	EndGlobalSection
EndGlobal
